NeoBundleLock vim-pandoc 8b297db6476a9f21d85753291d8b5b1d5fcbbf3f
NeoBundleLock Zenburn eec67511855b52c9e6e894915157c682ea72285b
NeoBundleLock numix-molokai f92a8d617f1535fed200654707ab0a9645574e1b
NeoBundleLock vim-snippets 8a1de6157a49d5f48e8036be835770ba5b9895bf
NeoBundleLock supertab b0ca47f4570385043f270f9278ba6d50d1d2fa00
NeoBundleLock neobundle.vim 982d2cac0c0d26582653e6ee0e8cd891ecac5772
NeoBundleLock vim-surround fa433e0b7330753688f715f3be5d10dc480f20e5
NeoBundleLock vim-airline 411ae84890793e59575036c6c0e6ee1ed9efa939
NeoBundleLock vim-pandoc-syntax c4bce403f208a17ca837e7c871517282a4128586
NeoBundleLock TeX-9 cb55bd6735978f44acd249fdcdc66d0c82bd9147
NeoBundleLock snipmate-snippets-bib 80ace5526c761c302336651f9ca485f4ccceb5be
NeoBundleLock ultisnips cb8536d7240f5f458c292f8aa38fc50278222fe8
